
Microsoft Visual Studio Solution File, Format Version 11.00
# Visual Studio 2010
Project("{2150E333-8FDC-42A3-9474-1A3956D46DE8}") = "Lib", "Lib", "{DEE8A3F3-E890-45C4-ADF8-E1FC10AEAECA}"
	ProjectSection(SolutionItems) = preProject
		Lib\SharpZipLib.dll = Lib\SharpZipLib.dll
	EndProjectSection
EndProject
Project("{FAE04EC0-301F-11D3-BF4B-00C04F79EFBC}") = "FiftyNine.Ag.OpenXML.Word", "FiftyNine.Ag.OpenXML.Word\FiftyNine.Ag.OpenXML.Word.csproj", "{6316671D-72CF-4CB3-B02A-A7FE93970E17}"
EndProject
Project("{FAE04EC0-301F-11D3-BF4B-00C04F79EFBC}") = "FiftyNine.Ag.OpenXML.Common", "FiftyNine.Ag.OpenXML.Common\FiftyNine.Ag.OpenXML.Common.csproj", "{5459410B-BA1D-4605-B83E-4408579EA24E}"
EndProject
Global
	GlobalSection(TeamFoundationVersionControl) = preSolution
		SccNumberOfProjects = 3
		SccEnterpriseProvider = {4CA58AB2-18FA-4F8D-95D4-32DDF27D184C}
		SccTeamFoundationServer = https://tfs.codeplex.com/tfs/tfs08
		SccLocalPath0 = .
		SccProjectUniqueName1 = FiftyNine.Ag.OpenXML.Word\\FiftyNine.Ag.OpenXML.Word.csproj
		SccProjectName1 = FiftyNine.Ag.OpenXML.Word
		SccLocalPath1 = FiftyNine.Ag.OpenXML.Word
		SccProjectUniqueName2 = FiftyNine.Ag.OpenXML.Common\\FiftyNine.Ag.OpenXML.Common.csproj
		SccProjectName2 = FiftyNine.Ag.OpenXML.Common
		SccLocalPath2 = FiftyNine.Ag.OpenXML.Common
	EndGlobalSection
	GlobalSection(SolutionConfigurationPlatforms) = preSolution
		Debug|Any CPU = Debug|Any CPU
		Release|Any CPU = Release|Any CPU
	EndGlobalSection
	GlobalSection(ProjectConfigurationPlatforms) = postSolution
		{6316671D-72CF-4CB3-B02A-A7FE93970E17}.Debug|Any CPU.ActiveCfg = Debug|Any CPU
		{6316671D-72CF-4CB3-B02A-A7FE93970E17}.Debug|Any CPU.Build.0 = Debug|Any CPU
		{6316671D-72CF-4CB3-B02A-A7FE93970E17}.Release|Any CPU.ActiveCfg = Release|Any CPU
		{6316671D-72CF-4CB3-B02A-A7FE93970E17}.Release|Any CPU.Build.0 = Release|Any CPU
		{5459410B-BA1D-4605-B83E-4408579EA24E}.Debug|Any CPU.ActiveCfg = Debug|Any CPU
		{5459410B-BA1D-4605-B83E-4408579EA24E}.Debug|Any CPU.Build.0 = Debug|Any CPU
		{5459410B-BA1D-4605-B83E-4408579EA24E}.Release|Any CPU.ActiveCfg = Release|Any CPU
		{5459410B-BA1D-4605-B83E-4408579EA24E}.Release|Any CPU.Build.0 = Release|Any CPU
	EndGlobalSection
	GlobalSection(SolutionProperties) = preSolution
		HideSolutionNode = FALSE
	EndGlobalSection
EndGlobal
